
Microsoft Visual Studio Solution File, Format Version 12.00
# Visual Studio Version 17
VisualStudioVersion = 17.7.34031.279
MinimumVisualStudioVersion = 10.0.40219.1
Project("{FAE04EC0-301F-11D3-BF4B-00C04F79EFBC}") = "SuperShop Management", "SuperShop Management.csproj", "{644204C5-6DE5-46AF-8923-7112E399EFA4}"
EndProject
Project("{FAE04EC0-301F-11D3-BF4B-00C04F79EFBC}") = "Project", "..\Project\Project\Project.csproj", "{7BCAA3D0-A3E6-4D68-A47C-E8A5B9ACF7B5}"
EndProject
Global
	GlobalSection(SolutionConfigurationPlatforms) = preSolution
		Debug|Any CPU = Debug|Any CPU
		Release|Any CPU = Release|Any CPU
	EndGlobalSection
	GlobalSection(ProjectConfigurationPlatforms) = postSolution
		{644204C5-6DE5-46AF-8923-7112E399EFA4}.Debug|Any CPU.ActiveCfg = Debug|Any CPU
		{644204C5-6DE5-46AF-8923-7112E399EFA4}.Debug|Any CPU.Build.0 = Debug|Any CPU
		{644204C5-6DE5-46AF-8923-7112E399EFA4}.Release|Any CPU.ActiveCfg = Release|Any CPU
		{644204C5-6DE5-46AF-8923-7112E399EFA4}.Release|Any CPU.Build.0 = Release|Any CPU
		{7BCAA3D0-A3E6-4D68-A47C-E8A5B9ACF7B5}.Debug|Any CPU.ActiveCfg = Debug|Any CPU
		{7BCAA3D0-A3E6-4D68-A47C-E8A5B9ACF7B5}.Debug|Any CPU.Build.0 = Debug|Any CPU
		{7BCAA3D0-A3E6-4D68-A47C-E8A5B9ACF7B5}.Release|Any CPU.ActiveCfg = Release|Any CPU
		{7BCAA3D0-A3E6-4D68-A47C-E8A5B9ACF7B5}.Release|Any CPU.Build.0 = Release|Any CPU
	EndGlobalSection
	GlobalSection(SolutionProperties) = preSolution
		HideSolutionNode = FALSE
	EndGlobalSection
	GlobalSection(ExtensibilityGlobals) = postSolution
		SolutionGuid = {97BDC808-1B4B-4B40-B125-2A5614EB04AD}
	EndGlobalSection
EndGlobal
